
Microsoft Visual Studio Solution File, Format Version 12.00
# Visual Studio Version 16
VisualStudioVersion = 16.0.30804.86
MinimumVisualStudioVersion = 10.0.40219.1
Project("{FAE04EC0-301F-11D3-BF4B-00C04F79EFBC}") = "Math", "Math\Math.csproj", "{8D417C81-980B-4EF3-959C-ECB338D4DCEB}"
EndProject
Global
	GlobalSection(SolutionConfigurationPlatforms) = preSolution
		Debug|Any CPU = Debug|Any CPU
		Release|Any CPU = Release|Any CPU
	EndGlobalSection
	GlobalSection(ProjectConfigurationPlatforms) = postSolution
		{8D417C81-980B-4EF3-959C-ECB338D4DCEB}.Debug|Any CPU.ActiveCfg = Debug|Any CPU
		{8D417C81-980B-4EF3-959C-ECB338D4DCEB}.Debug|Any CPU.Build.0 = Debug|Any CPU
		{8D417C81-980B-4EF3-959C-ECB338D4DCEB}.Release|Any CPU.ActiveCfg = Release|Any CPU
		{8D417C81-980B-4EF3-959C-ECB338D4DCEB}.Release|Any CPU.Build.0 = Release|Any CPU
	EndGlobalSection
	GlobalSection(SolutionProperties) = preSolution
		HideSolutionNode = FALSE
	EndGlobalSection
	GlobalSection(ExtensibilityGlobals) = postSolution
		SolutionGuid = {CAB7A4D3-B565-4263-AFA4-DF52E1849AE9}
	EndGlobalSection
EndGlobal
